
Microsoft Visual Studio Solution File, Format Version 12.00
# Visual Studio Version 17
VisualStudioVersion = 17.5.33530.505
MinimumVisualStudioVersion = 10.0.40219.1
Project("{FAE04EC0-301F-11D3-BF4B-00C04F79EFBC}") = "DotnetRPG", "DotnetRPG\DotnetRPG.csproj", "{DC981A6F-3334-42D6-B721-07D38A4543CE}"
EndProject
Global
	GlobalSection(SolutionConfigurationPlatforms) = preSolution
		Debug|Any CPU = Debug|Any CPU
		Release|Any CPU = Release|Any CPU
	EndGlobalSection
	GlobalSection(ProjectConfigurationPlatforms) = postSolution
		{DC981A6F-3334-42D6-B721-07D38A4543CE}.Debug|Any CPU.ActiveCfg = Debug|Any CPU
		{DC981A6F-3334-42D6-B721-07D38A4543CE}.Debug|Any CPU.Build.0 = Debug|Any CPU
		{DC981A6F-3334-42D6-B721-07D38A4543CE}.Release|Any CPU.ActiveCfg = Release|Any CPU
		{DC981A6F-3334-42D6-B721-07D38A4543CE}.Release|Any CPU.Build.0 = Release|Any CPU
	EndGlobalSection
	GlobalSection(SolutionProperties) = preSolution
		HideSolutionNode = FALSE
	EndGlobalSection
	GlobalSection(ExtensibilityGlobals) = postSolution
		SolutionGuid = {99EC9712-C34A-4D4D-AC50-2DA47463613C}
	EndGlobalSection
EndGlobal
